{
  "name": "esit",
  "version": "1.0.0",
  "lockfileVersion": 1,
  "requires": true,
  "dependencies": {
    "canvas": {
      "version": "1.6.9",
      "resolved": "https://registry.npmjs.org/canvas/-/canvas-1.6.9.tgz",
      "integrity": "sha1-4/lc7HsWvy1vP8clwC2UDTJY9ps=",
      "requires": {
        "nan": "2.8.0"
      }
    },
    "nan": {
      "version": "2.8.0",
      "resolved": "https://registry.npmjs.org/nan/-/nan-2.8.0.tgz",
      "integrity": "sha1-7XFfP+neArV6XmJS2QqWZ14fCFo="
    },
    "resemblejs": {
      "version": "2.5.0",
      "resolved": "https://registry.npmjs.org/resemblejs/-/resemblejs-2.5.0.tgz",
      "integrity": "sha512-j2p4H8jpxch3bG9SOoap4tWbNZ4hNGrl54y7WJSwoKBQM3ZBhVyaFEYqzlv06dY1I4Pns/M8Ten6R6+/jTjycA=="
    }
  }
}
